<?xml version="1.0" encoding="utf-8"?>
<Project ToolsVersion="4.0" xmlns="http://schemas.microsoft.com/developer/msbuild/2003">
  <ItemGroup>
    <Filter Include="Source Files">
      <UniqueIdentifier>{4FC737F1-C7A5-4376-A066-2A32D752A2FF}</UniqueIdentifier>
      <Extensions>cpp;c;cc;cxx;c++;cppm;ixx;def;odl;idl;hpj;bat;asm;asmx</Extensions>
    </Filter>
    <Filter Include="Header Files">
      <UniqueIdentifier>{93995380-89BD-4b04-88EB-625FBE52EBFB}</UniqueIdentifier>
      <Extensions>h;hh;hpp;hxx;h++;hm;inl;inc;ipp;xsd</Extensions>
    </Filter>
  </ItemGroup>
  <ItemGroup>
    <ClCompile Include="src\add\add.cpp">
      <Filter>Source Files</Filter>
    </ClCompile>
    <ClCompile Include="src\add\addReport.cpp">
      <Filter>Source Files</Filter>
    </ClCompile>
    <ClCompile Include="src\division\division.cpp">
      <Filter>Source Files</Filter>
    </ClCompile>
    <ClCompile Include="src\division\divisionReport.cpp">
      <Filter>Source Files</Filter>
    </ClCompile>
    <ClCompile Include="src\multiply\multiplyReport.cpp">
      <Filter>Source Files</Filter>
    </ClCompile>
    <ClCompile Include="src\multiply\multiply.cpp">
      <Filter>Source Files</Filter>
    </ClCompile>
    <ClCompile Include="src\subtract\subtract.cpp">
      <Filter>Source Files</Filter>
    </ClCompile>
    <ClCompile Include="src\subtract\subtractReport.cpp">
      <Filter>Source Files</Filter>
    </ClCompile>
    <ClCompile Include="src\comparison\comparison.cpp">
      <Filter>Source Files</Filter>
    </ClCompile>
    <ClCompile Include="src\comparison\comparisonReport.cpp">
      <Filter>Source Files</Filter>
    </ClCompile>
    <ClCompile Include="src\abs\abs.cpp">
      <Filter>Source Files</Filter>
    </ClCompile>
    <ClCompile Include="src\abs\absReport.cpp">
      <Filter>Source Files</Filter>
    </ClCompile>
    <ClCompile Include="src\power\power.cpp">
      <Filter>Source Files</Filter>
    </ClCompile>
    <ClCompile Include="src\power\powerReport.cpp">
      <Filter>Source Files</Filter>
    </ClCompile>
    <ClCompile Include="src\trig\trig.cpp">
      <Filter>Source Files</Filter>
    </ClCompile>
    <ClCompile Include="src\trig\trigReport.cpp">
      <Filter>Source Files</Filter>
    </ClCompile>
    <ClCompile Include="src\root\root.cpp">
      <Filter>Source Files</Filter>
    </ClCompile>
    <ClCompile Include="src\root\rootReport.cpp">
      <Filter>Source Files</Filter>
    </ClCompile>
    <ClCompile Include="src\factorial\factorialReport.cpp">
      <Filter>Source Files</Filter>
    </ClCompile>
    <ClCompile Include="src\factorial\factorial.cpp">
      <Filter>Source Files</Filter>
    </ClCompile>
  </ItemGroup>
  <ItemGroup>
    <ClInclude Include="src\add\addReport.hpp">
      <Filter>Header Files</Filter>
    </ClInclude>
    <ClInclude Include="src\comparison\comparisonReport.hpp">
      <Filter>Header Files</Filter>
    </ClInclude>
    <ClInclude Include="src\division\divisionReport.hpp">
      <Filter>Header Files</Filter>
    </ClInclude>
    <ClInclude Include="src\multiply\multiplyReport.hpp">
      <Filter>Header Files</Filter>
    </ClInclude>
    <ClInclude Include="src\subtract\subtractReport.hpp">
      <Filter>Header Files</Filter>
    </ClInclude>
    <ClInclude Include="src\abs\absReport.hpp">
      <Filter>Header Files</Filter>
    </ClInclude>
    <ClInclude Include="src\power\powerReport.hpp">
      <Filter>Header Files</Filter>
    </ClInclude>
    <ClInclude Include="src\factorial\factorialReport.hpp">
      <Filter>Header Files</Filter>
    </ClInclude>
    <ClInclude Include="src\root\rootReport.hpp">
      <Filter>Header Files</Filter>
    </ClInclude>
    <ClInclude Include="src\trig\trigReport.hpp">
      <Filter>Header Files</Filter>
    </ClInclude>
  </ItemGroup>
</Project>