
Microsoft Visual Studio Solution File, Format Version 12.00
# Visual Studio Version 16
VisualStudioVersion = 16.0.34301.259
MinimumVisualStudioVersion = 10.0.40219.1
Project("{8BC9CEB8-8B4A-11D0-8D11-00A0C91BC942}") = "calc", "calc.vcxproj", "{0A900AAA-AC12-48CF-85CF-8BB0C0130512}"
EndProject
Project("{8BC9CEB8-8B4A-11D0-8D11-00A0C91BC942}") = "add", "src\add\add.vcxproj", "{50F5EB82-9639-40D9-A6A1-62BE499E4528}"
EndProject
Project("{8BC9CEB8-8B4A-11D0-8D11-00A0C91BC942}") = "util", "util.vcxproj", "{F6AF63F8-9E0F-4DA2-89B3-3096B56BA251}"
EndProject
Project("{8BC9CEB8-8B4A-11D0-8D11-00A0C91BC942}") = "subtract", "src\subtract\subtract.vcxproj", "{8F1DF35F-1D30-4703-8B94-B1A3753D60C4}"
EndProject
Project("{8BC9CEB8-8B4A-11D0-8D11-00A0C91BC942}") = "comparison", "src\comparison\comparison.vcxproj", "{7666B097-5666-4F12-863A-F7BAACFEDB4E}"
EndProject
Project("{8BC9CEB8-8B4A-11D0-8D11-00A0C91BC942}") = "multiply", "src\multiply\multiply.vcxproj", "{D2D485AA-9E2E-4D6E-8D8A-0C82A6538BFA}"
EndProject
Project("{8BC9CEB8-8B4A-11D0-8D11-00A0C91BC942}") = "division", "src\division\division.vcxproj", "{348481F3-C3A4-4D76-A801-54888CB569C4}"
EndProject
Project("{8BC9CEB8-8B4A-11D0-8D11-00A0C91BC942}") = "power", "src\power\power.vcxproj", "{0C2C224A-06F4-44F2-847F-B3870608F1EF}"
EndProject
Project("{8BC9CEB8-8B4A-11D0-8D11-00A0C91BC942}") = "testAdd", "tests\testAdd.vcxproj", "{C11E7406-C105-44A5-91DD-71FD0ED96D2A}"
EndProject
Project("{8BC9CEB8-8B4A-11D0-8D11-00A0C91BC942}") = "testComparison", "tests\testComparison.vcxproj", "{A2DF0A59-C778-4C7E-9424-7E53F81D4F9F}"
EndProject
Project("{8BC9CEB8-8B4A-11D0-8D11-00A0C91BC942}") = "testDivision", "tests\testDivision.vcxproj", "{6767E433-2108-4FAD-9D2F-006062A25137}"
EndProject
Project("{8BC9CEB8-8B4A-11D0-8D11-00A0C91BC942}") = "testMultiply", "tests\testMultiply.vcxproj", "{2C318747-D6E9-43B5-AA16-15C417C7F3E6}"
EndProject
Project("{8BC9CEB8-8B4A-11D0-8D11-00A0C91BC942}") = "testSubtract", "tests\testSubtract.vcxproj", "{FC7B02BE-FB27-41D6-A0B9-1A716602E09B}"
EndProject
Project("{8BC9CEB8-8B4A-11D0-8D11-00A0C91BC942}") = "testUtil", "tests\testUtil.vcxproj", "{668A3747-6867-47C6-9581-17255CF15648}"
EndProject
Project("{2150E333-8FDC-42A3-9474-1A3956D46DE8}") = "calc Source", "calc Source", "{FF9F8F23-3D4A-4BA7-A511-24A3A75C2436}"
EndProject
Project("{2150E333-8FDC-42A3-9474-1A3956D46DE8}") = "calc Tests", "calc Tests", "{FBC7F145-C76B-45D5-8C0C-1C2939FC2519}"
EndProject
Project("{2150E333-8FDC-42A3-9474-1A3956D46DE8}") = "Libraries", "Libraries", "{EBD6A7F6-8E67-4469-87C3-AD46ED8CB108}"
EndProject
Project("{2150E333-8FDC-42A3-9474-1A3956D46DE8}") = "Libraries Tests", "Libraries Tests", "{556A8502-6077-47B6-A1EE-2D50727E6D2B}"
EndProject
Project("{2150E333-8FDC-42A3-9474-1A3956D46DE8}") = "Solution Items", "Solution Items", "{E7E7E541-A995-41DD-8F78-05B77E72B6D1}"
	ProjectSection(SolutionItems) = preProject
		.clang-format = .clang-format
		.clangd = .clangd
		.cmake-format = .cmake-format
		.gitignore = .gitignore
		azure-pipelines.yml = azure-pipelines.yml
		CMakeLists.txt = CMakeLists.txt
		CMakeSettings.json = CMakeSettings.json
		cpp.hint = cpp.hint
		README.md = README.md
	EndProjectSection
EndProject
Global
	GlobalSection(SolutionConfigurationPlatforms) = preSolution
		Debug|x64 = Debug|x64
		Debug|x86 = Debug|x86
		Release|x64 = Release|x64
		Release|x86 = Release|x86
	EndGlobalSection
	GlobalSection(ProjectConfigurationPlatforms) = postSolution
		{0A900AAA-AC12-48CF-85CF-8BB0C0130512}.Debug|x64.ActiveCfg = Debug|x64
		{0A900AAA-AC12-48CF-85CF-8BB0C0130512}.Debug|x64.Build.0 = Debug|x64
		{0A900AAA-AC12-48CF-85CF-8BB0C0130512}.Debug|x86.ActiveCfg = Debug|Win32
		{0A900AAA-AC12-48CF-85CF-8BB0C0130512}.Debug|x86.Build.0 = Debug|Win32
		{0A900AAA-AC12-48CF-85CF-8BB0C0130512}.Release|x64.ActiveCfg = Release|x64
		{0A900AAA-AC12-48CF-85CF-8BB0C0130512}.Release|x64.Build.0 = Release|x64
		{0A900AAA-AC12-48CF-85CF-8BB0C0130512}.Release|x86.ActiveCfg = Release|Win32
		{0A900AAA-AC12-48CF-85CF-8BB0C0130512}.Release|x86.Build.0 = Release|Win32
		{50F5EB82-9639-40D9-A6A1-62BE499E4528}.Debug|x64.ActiveCfg = Debug|x64
		{50F5EB82-9639-40D9-A6A1-62BE499E4528}.Debug|x64.Build.0 = Debug|x64
		{50F5EB82-9639-40D9-A6A1-62BE499E4528}.Debug|x86.ActiveCfg = Debug|Win32
		{50F5EB82-9639-40D9-A6A1-62BE499E4528}.Debug|x86.Build.0 = Debug|Win32
		{50F5EB82-9639-40D9-A6A1-62BE499E4528}.Release|x64.ActiveCfg = Release|x64
		{50F5EB82-9639-40D9-A6A1-62BE499E4528}.Release|x64.Build.0 = Release|x64
		{50F5EB82-9639-40D9-A6A1-62BE499E4528}.Release|x86.ActiveCfg = Release|Win32
		{50F5EB82-9639-40D9-A6A1-62BE499E4528}.Release|x86.Build.0 = Release|Win32
		{F6AF63F8-9E0F-4DA2-89B3-3096B56BA251}.Debug|x64.ActiveCfg = Debug|x64
		{F6AF63F8-9E0F-4DA2-89B3-3096B56BA251}.Debug|x64.Build.0 = Debug|x64
		{F6AF63F8-9E0F-4DA2-89B3-3096B56BA251}.Debug|x86.ActiveCfg = Debug|Win32
		{F6AF63F8-9E0F-4DA2-89B3-3096B56BA251}.Debug|x86.Build.0 = Debug|Win32
		{F6AF63F8-9E0F-4DA2-89B3-3096B56BA251}.Release|x64.ActiveCfg = Release|x64
		{F6AF63F8-9E0F-4DA2-89B3-3096B56BA251}.Release|x64.Build.0 = Release|x64
		{F6AF63F8-9E0F-4DA2-89B3-3096B56BA251}.Release|x86.ActiveCfg = Release|Win32
		{F6AF63F8-9E0F-4DA2-89B3-3096B56BA251}.Release|x86.Build.0 = Release|Win32
		{8F1DF35F-1D30-4703-8B94-B1A3753D60C4}.Debug|x64.ActiveCfg = Debug|x64
		{8F1DF35F-1D30-4703-8B94-B1A3753D60C4}.Debug|x64.Build.0 = Debug|x64
		{8F1DF35F-1D30-4703-8B94-B1A3753D60C4}.Debug|x86.ActiveCfg = Debug|Win32
		{8F1DF35F-1D30-4703-8B94-B1A3753D60C4}.Debug|x86.Build.0 = Debug|Win32
		{8F1DF35F-1D30-4703-8B94-B1A3753D60C4}.Release|x64.ActiveCfg = Release|x64
		{8F1DF35F-1D30-4703-8B94-B1A3753D60C4}.Release|x64.Build.0 = Release|x64
		{8F1DF35F-1D30-4703-8B94-B1A3753D60C4}.Release|x86.ActiveCfg = Release|Win32
		{8F1DF35F-1D30-4703-8B94-B1A3753D60C4}.Release|x86.Build.0 = Release|Win32
		{7666B097-5666-4F12-863A-F7BAACFEDB4E}.Debug|x64.ActiveCfg = Debug|x64
		{7666B097-5666-4F12-863A-F7BAACFEDB4E}.Debug|x64.Build.0 = Debug|x64
		{7666B097-5666-4F12-863A-F7BAACFEDB4E}.Debug|x86.ActiveCfg = Debug|Win32
		{7666B097-5666-4F12-863A-F7BAACFEDB4E}.Debug|x86.Build.0 = Debug|Win32
		{7666B097-5666-4F12-863A-F7BAACFEDB4E}.Release|x64.ActiveCfg = Release|x64
		{7666B097-5666-4F12-863A-F7BAACFEDB4E}.Release|x64.Build.0 = Release|x64
		{7666B097-5666-4F12-863A-F7BAACFEDB4E}.Release|x86.ActiveCfg = Release|Win32
		{7666B097-5666-4F12-863A-F7BAACFEDB4E}.Release|x86.Build.0 = Release|Win32
		{D2D485AA-9E2E-4D6E-8D8A-0C82A6538BFA}.Debug|x64.ActiveCfg = Debug|x64
		{D2D485AA-9E2E-4D6E-8D8A-0C82A6538BFA}.Debug|x64.Build.0 = Debug|x64
		{D2D485AA-9E2E-4D6E-8D8A-0C82A6538BFA}.Debug|x86.ActiveCfg = Debug|Win32
		{D2D485AA-9E2E-4D6E-8D8A-0C82A6538BFA}.Debug|x86.Build.0 = Debug|Win32
		{D2D485AA-9E2E-4D6E-8D8A-0C82A6538BFA}.Release|x64.ActiveCfg = Release|x64
		{D2D485AA-9E2E-4D6E-8D8A-0C82A6538BFA}.Release|x64.Build.0 = Release|x64
		{D2D485AA-9E2E-4D6E-8D8A-0C82A6538BFA}.Release|x86.ActiveCfg = Release|Win32
		{D2D485AA-9E2E-4D6E-8D8A-0C82A6538BFA}.Release|x86.Build.0 = Release|Win32
		{348481F3-C3A4-4D76-A801-54888CB569C4}.Debug|x64.ActiveCfg = Debug|x64
		{348481F3-C3A4-4D76-A801-54888CB569C4}.Debug|x64.Build.0 = Debug|x64
		{348481F3-C3A4-4D76-A801-54888CB569C4}.Debug|x86.ActiveCfg = Debug|Win32
		{348481F3-C3A4-4D76-A801-54888CB569C4}.Debug|x86.Build.0 = Debug|Win32
		{348481F3-C3A4-4D76-A801-54888CB569C4}.Release|x64.ActiveCfg = Release|x64
		{348481F3-C3A4-4D76-A801-54888CB569C4}.Release|x64.Build.0 = Release|x64
		{348481F3-C3A4-4D76-A801-54888CB569C4}.Release|x86.ActiveCfg = Release|Win32
		{348481F3-C3A4-4D76-A801-54888CB569C4}.Release|x86.Build.0 = Release|Win32
		{0C2C224A-06F4-44F2-847F-B3870608F1EF}.Debug|x64.ActiveCfg = Debug|x64
		{0C2C224A-06F4-44F2-847F-B3870608F1EF}.Debug|x64.Build.0 = Debug|x64
		{0C2C224A-06F4-44F2-847F-B3870608F1EF}.Debug|x86.ActiveCfg = Debug|Win32
		{0C2C224A-06F4-44F2-847F-B3870608F1EF}.Debug|x86.Build.0 = Debug|Win32
		{0C2C224A-06F4-44F2-847F-B3870608F1EF}.Release|x64.ActiveCfg = Release|x64
		{0C2C224A-06F4-44F2-847F-B3870608F1EF}.Release|x64.Build.0 = Release|x64
		{0C2C224A-06F4-44F2-847F-B3870608F1EF}.Release|x86.ActiveCfg = Release|Win32
		{0C2C224A-06F4-44F2-847F-B3870608F1EF}.Release|x86.Build.0 = Release|Win32
		{C11E7406-C105-44A5-91DD-71FD0ED96D2A}.Debug|x64.ActiveCfg = Debug|x64
		{C11E7406-C105-44A5-91DD-71FD0ED96D2A}.Debug|x64.Build.0 = Debug|x64
		{C11E7406-C105-44A5-91DD-71FD0ED96D2A}.Debug|x86.ActiveCfg = Debug|Win32
		{C11E7406-C105-44A5-91DD-71FD0ED96D2A}.Debug|x86.Build.0 = Debug|Win32
		{C11E7406-C105-44A5-91DD-71FD0ED96D2A}.Release|x64.ActiveCfg = Release|x64
		{C11E7406-C105-44A5-91DD-71FD0ED96D2A}.Release|x64.Build.0 = Release|x64
		{C11E7406-C105-44A5-91DD-71FD0ED96D2A}.Release|x86.ActiveCfg = Release|Win32
		{C11E7406-C105-44A5-91DD-71FD0ED96D2A}.Release|x86.Build.0 = Release|Win32
		{A2DF0A59-C778-4C7E-9424-7E53F81D4F9F}.Debug|x64.ActiveCfg = Debug|x64
		{A2DF0A59-C778-4C7E-9424-7E53F81D4F9F}.Debug|x64.Build.0 = Debug|x64
		{A2DF0A59-C778-4C7E-9424-7E53F81D4F9F}.Debug|x86.ActiveCfg = Debug|Win32
		{A2DF0A59-C778-4C7E-9424-7E53F81D4F9F}.Debug|x86.Build.0 = Debug|Win32
		{A2DF0A59-C778-4C7E-9424-7E53F81D4F9F}.Release|x64.ActiveCfg = Release|x64
		{A2DF0A59-C778-4C7E-9424-7E53F81D4F9F}.Release|x64.Build.0 = Release|x64
		{A2DF0A59-C778-4C7E-9424-7E53F81D4F9F}.Release|x86.ActiveCfg = Release|Win32
		{A2DF0A59-C778-4C7E-9424-7E53F81D4F9F}.Release|x86.Build.0 = Release|Win32
		{6767E433-2108-4FAD-9D2F-006062A25137}.Debug|x64.ActiveCfg = Debug|x64
		{6767E433-2108-4FAD-9D2F-006062A25137}.Debug|x64.Build.0 = Debug|x64
		{6767E433-2108-4FAD-9D2F-006062A25137}.Debug|x86.ActiveCfg = Debug|Win32
		{6767E433-2108-4FAD-9D2F-006062A25137}.Debug|x86.Build.0 = Debug|Win32
		{6767E433-2108-4FAD-9D2F-006062A25137}.Release|x64.ActiveCfg = Release|x64
		{6767E433-2108-4FAD-9D2F-006062A25137}.Release|x64.Build.0 = Release|x64
		{6767E433-2108-4FAD-9D2F-006062A25137}.Release|x86.ActiveCfg = Release|Win32
		{6767E433-2108-4FAD-9D2F-006062A25137}.Release|x86.Build.0 = Release|Win32
		{2C318747-D6E9-43B5-AA16-15C417C7F3E6}.Debug|x64.ActiveCfg = Debug|x64
		{2C318747-D6E9-43B5-AA16-15C417C7F3E6}.Debug|x64.Build.0 = Debug|x64
		{2C318747-D6E9-43B5-AA16-15C417C7F3E6}.Debug|x86.ActiveCfg = Debug|Win32
		{2C318747-D6E9-43B5-AA16-15C417C7F3E6}.Debug|x86.Build.0 = Debug|Win32
		{2C318747-D6E9-43B5-AA16-15C417C7F3E6}.Release|x64.ActiveCfg = Release|x64
		{2C318747-D6E9-43B5-AA16-15C417C7F3E6}.Release|x64.Build.0 = Release|x64
		{2C318747-D6E9-43B5-AA16-15C417C7F3E6}.Release|x86.ActiveCfg = Release|Win32
		{2C318747-D6E9-43B5-AA16-15C417C7F3E6}.Release|x86.Build.0 = Release|Win32
		{FC7B02BE-FB27-41D6-A0B9-1A716602E09B}.Debug|x64.ActiveCfg = Debug|x64
		{FC7B02BE-FB27-41D6-A0B9-1A716602E09B}.Debug|x64.Build.0 = Debug|x64
		{FC7B02BE-FB27-41D6-A0B9-1A716602E09B}.Debug|x86.ActiveCfg = Debug|Win32
		{FC7B02BE-FB27-41D6-A0B9-1A716602E09B}.Debug|x86.Build.0 = Debug|Win32
		{FC7B02BE-FB27-41D6-A0B9-1A716602E09B}.Release|x64.ActiveCfg = Release|x64
		{FC7B02BE-FB27-41D6-A0B9-1A716602E09B}.Release|x64.Build.0 = Release|x64
		{FC7B02BE-FB27-41D6-A0B9-1A716602E09B}.Release|x86.ActiveCfg = Release|Win32
		{FC7B02BE-FB27-41D6-A0B9-1A716602E09B}.Release|x86.Build.0 = Release|Win32
		{668A3747-6867-47C6-9581-17255CF15648}.Debug|x64.ActiveCfg = Debug|x64
		{668A3747-6867-47C6-9581-17255CF15648}.Debug|x64.Build.0 = Debug|x64
		{668A3747-6867-47C6-9581-17255CF15648}.Debug|x86.ActiveCfg = Debug|Win32
		{668A3747-6867-47C6-9581-17255CF15648}.Debug|x86.Build.0 = Debug|Win32
		{668A3747-6867-47C6-9581-17255CF15648}.Release|x64.ActiveCfg = Release|x64
		{668A3747-6867-47C6-9581-17255CF15648}.Release|x64.Build.0 = Release|x64
		{668A3747-6867-47C6-9581-17255CF15648}.Release|x86.ActiveCfg = Release|Win32
		{668A3747-6867-47C6-9581-17255CF15648}.Release|x86.Build.0 = Release|Win32
	EndGlobalSection
	GlobalSection(SolutionProperties) = preSolution
		HideSolutionNode = FALSE
	EndGlobalSection
	GlobalSection(NestedProjects) = preSolution
		{0A900AAA-AC12-48CF-85CF-8BB0C0130512} = {EBD6A7F6-8E67-4469-87C3-AD46ED8CB108}
		{50F5EB82-9639-40D9-A6A1-62BE499E4528} = {FF9F8F23-3D4A-4BA7-A511-24A3A75C2436}
		{F6AF63F8-9E0F-4DA2-89B3-3096B56BA251} = {EBD6A7F6-8E67-4469-87C3-AD46ED8CB108}
		{8F1DF35F-1D30-4703-8B94-B1A3753D60C4} = {FF9F8F23-3D4A-4BA7-A511-24A3A75C2436}
		{7666B097-5666-4F12-863A-F7BAACFEDB4E} = {FF9F8F23-3D4A-4BA7-A511-24A3A75C2436}
		{D2D485AA-9E2E-4D6E-8D8A-0C82A6538BFA} = {FF9F8F23-3D4A-4BA7-A511-24A3A75C2436}
		{348481F3-C3A4-4D76-A801-54888CB569C4} = {FF9F8F23-3D4A-4BA7-A511-24A3A75C2436}
		{C11E7406-C105-44A5-91DD-71FD0ED96D2A} = {FBC7F145-C76B-45D5-8C0C-1C2939FC2519}
		{A2DF0A59-C778-4C7E-9424-7E53F81D4F9F} = {FBC7F145-C76B-45D5-8C0C-1C2939FC2519}
		{6767E433-2108-4FAD-9D2F-006062A25137} = {FBC7F145-C76B-45D5-8C0C-1C2939FC2519}
		{2C318747-D6E9-43B5-AA16-15C417C7F3E6} = {FBC7F145-C76B-45D5-8C0C-1C2939FC2519}
		{FC7B02BE-FB27-41D6-A0B9-1A716602E09B} = {FBC7F145-C76B-45D5-8C0C-1C2939FC2519}
		{668A3747-6867-47C6-9581-17255CF15648} = {556A8502-6077-47B6-A1EE-2D50727E6D2B}
	EndGlobalSection
	GlobalSection(ExtensibilityGlobals) = postSolution
		SolutionGuid = {0C3C77D4-6690-439D-B991-2C8628BEA398}
	EndGlobalSection
EndGlobal
