<?xml version="1.0" encoding="utf-8"?>
<Project ToolsVersion="4.0" xmlns="http://schemas.microsoft.com/developer/msbuild/2003">
  <ItemGroup>
    <Filter Include="Source Files">
      <UniqueIdentifier>{4FC737F1-C7A5-4376-A066-2A32D752A2FF}</UniqueIdentifier>
      <Extensions>cpp;c;cc;cxx;c++;cppm;ixx;def;odl;idl;hpj;bat;asm;asmx</Extensions>
    </Filter>
    <Filter Include="Header Files">
      <UniqueIdentifier>{93995380-89BD-4b04-88EB-625FBE52EBFB}</UniqueIdentifier>
      <Extensions>h;hh;hpp;hxx;h++;hm;inl;inc;ipp;xsd</Extensions>
    </Filter>
    <Filter Include="Header Files\fn">
      <UniqueIdentifier>{498a77a7-5751-422d-abfc-65dc97edc328}</UniqueIdentifier>
    </Filter>
    <Filter Include="Header Files\types">
      <UniqueIdentifier>{52da572f-63fb-40ad-8b16-dfb6a114553a}</UniqueIdentifier>
    </Filter>
  </ItemGroup>
  <ItemGroup>
    <ClCompile Include="src\argParse.cpp">
      <Filter>Source Files</Filter>
    </ClCompile>
    <ClCompile Include="src\colors.cpp">
      <Filter>Source Files</Filter>
    </ClCompile>
    <ClCompile Include="src\testing.cpp">
      <Filter>Source Files</Filter>
    </ClCompile>
    <ClCompile Include="src\util.cpp">
      <Filter>Source Files</Filter>
    </ClCompile>
    <ClCompile Include="src\symbols.cpp">
      <Filter>Source Files</Filter>
    </ClCompile>
    <ClCompile Include="src\fraction.cpp">
      <Filter>Source Files</Filter>
    </ClCompile>
    <ClCompile Include="src\logging.cpp">
      <Filter>Source Files</Filter>
    </ClCompile>
    <ClCompile Include="src\number.cpp">
      <Filter>Source Files</Filter>
    </ClCompile>
    <ClCompile Include="src\rounding.cpp">
      <Filter>Source Files</Filter>
    </ClCompile>
    <ClCompile Include="src\factors.cpp">
      <Filter>Source Files</Filter>
    </ClCompile>
  </ItemGroup>
  <ItemGroup>
    <ClInclude Include="include\argParse.hpp">
      <Filter>Header Files</Filter>
    </ClInclude>
    <ClInclude Include="include\colors.hpp">
      <Filter>Header Files</Filter>
    </ClInclude>
    <ClInclude Include="include\format.hpp">
      <Filter>Header Files</Filter>
    </ClInclude>
    <ClInclude Include="include\output.hpp">
      <Filter>Header Files</Filter>
    </ClInclude>
    <ClInclude Include="include\symbols.hpp">
      <Filter>Header Files</Filter>
    </ClInclude>
    <ClInclude Include="include\testing.hpp">
      <Filter>Header Files</Filter>
    </ClInclude>
    <ClInclude Include="include\util.hpp">
      <Filter>Header Files</Filter>
    </ClInclude>
    <ClInclude Include="include\exceptions.hpp">
      <Filter>Header Files</Filter>
    </ClInclude>
    <ClInclude Include="include\fraction.hpp">
      <Filter>Header Files</Filter>
    </ClInclude>
    <ClInclude Include="include\internals.hpp">
      <Filter>Header Files</Filter>
    </ClInclude>
    <ClInclude Include="include\logging.hpp">
      <Filter>Header Files</Filter>
    </ClInclude>
    <ClInclude Include="include\number.hpp">
      <Filter>Header Files</Filter>
    </ClInclude>
    <ClInclude Include="include\platform.hpp">
      <Filter>Header Files</Filter>
    </ClInclude>
    <ClInclude Include="include\rounding.hpp">
      <Filter>Header Files</Filter>
    </ClInclude>
    <ClInclude Include="include\fn\basicArithm.hpp">
      <Filter>Header Files\fn</Filter>
    </ClInclude>
    <ClInclude Include="include\constants.hpp">
      <Filter>Header Files</Filter>
    </ClInclude>
    <ClInclude Include="include\types\result.hpp">
      <Filter>Header Files\types</Filter>
    </ClInclude>
    <ClInclude Include="include\factors.hpp">
      <Filter>Header Files</Filter>
    </ClInclude>
  </ItemGroup>
</Project>